{
  "name": "openhive-desktop",
  "version": "0.1.0",
  "lockfileVersion": 3,
  "requires": true,
  "packages": {
    "": {
      "name": "openhive-desktop",
      "version": "0.1.0",
      "dependencies": {
        "openhive-shell-runtime": "file:runtime"
      }
    },
    "node_modules/openhive-shell-runtime": {
      "resolved": "runtime",
      "link": true
    },
    "runtime": {
      "name": "openhive-shell-runtime",
      "version": "1.0.0"
    }
  }
}
